version = 1
revision = 3
requires-python = ">=3.14"

[[package]]
name = "deprecated"
version = "1.2.18"
source = { registry = "https://pypi.org/simple" }
dependencies = [
    { name = "wrapt" },
]
sdist = { url = "https://files.pythonhosted.org/packages/98/97/06afe62762c9a8a86af0cfb7bfdab22a43ad17138b07af5b1a58442690a2/deprecated-1.2.18.tar.gz", hash = "sha256:422b6f6d859da6f2ef57857761bfb392480502a64c3028ca9bbe86085d72115d", size = 2928744, upload-time = "2025-01-27T10:46:25.7Z" }
wheels = [
    { url = "https://files.pythonhosted.org/packages/6e/c6/ac0b6c1e2d138f1002bcf799d330bd6d85084fece321e662a14223794041/Deprecated-1.2.18-py2.py3-none-any.whl", hash = "sha256:bd5011788200372a32418f888e326a09ff80d0214bd961147cfed01b5c018eec", size = 9998, upload-time = "2025-01-27T10:46:09.186Z" },
]

[[package]]
name = "jaconv"
version = "0.4.0"
source = { registry = "https://pypi.org/simple" }
sdist = { url = "https://files.pythonhosted.org/packages/d2/e1/670cefc7f00b0e1890e114a37a98ea425f7e06131342aeb9636856ac663c/jaconv-0.4.0.tar.gz", hash = "sha256:32da74b247f276e09a52d6b35c153df2387965cb85a6f034cc8af21d446f8161", size = 17402, upload-time = "2024-07-25T16:35:24.75Z" }

[[package]]
name = "mwparserfromhell"
version = "0.7.2"
source = { registry = "https://pypi.org/simple" }
sdist = { url = "https://files.pythonhosted.org/packages/eb/e1/4e4b53fd838b82061243222d6123ddaf6176278b1ad7058382a1312cb7ae/mwparserfromhell-0.7.2.tar.gz", hash = "sha256:f4193072e9ea93b9e88f772f60a02125c0602d32890d0bbdcb275ed58c8b3763", size = 196317, upload-time = "2025-07-01T05:27:09.697Z" }

[[package]]
name = "pykakasi"
version = "2.3.0"
source = { registry = "https://pypi.org/simple" }
dependencies = [
    { name = "deprecated" },
    { name = "jaconv" },
]
sdist = { url = "https://files.pythonhosted.org/packages/ad/32/2a8e213fd744459a03864af7cf4c6142ee061fc915757c8152d147b16015/pykakasi-2.3.0.tar.gz", hash = "sha256:fa052a8e63f59fb8d6569abbe719a8c9f9daf15ed27a67a56ab1705f0f67b0a1", size = 21752447, upload-time = "2024-06-24T04:57:31.233Z" }
wheels = [
    { url = "https://files.pythonhosted.org/packages/0f/e8/11644fe823e05c583b330e9fb81e3e8fc5d079036512a8300fc157be349d/pykakasi-2.3.0-py3-none-any.whl", hash = "sha256:26d21b090048ff45c6a4d8e962426b7951767216008ec30358e8a9d74af77f29", size = 2395003, upload-time = "2024-06-24T04:57:18.101Z" },
]

[[package]]
name = "pypinyin"
version = "0.55.0"
source = { registry = "https://pypi.org/simple" }
sdist = { url = "https://files.pythonhosted.org/packages/b4/a4/784cf98c09e0dc22776b0d7d8a4a5b761218bcae4608c2416ce1e167c8af/pypinyin-0.55.0.tar.gz", hash = "sha256:b5711b3a0c6f76e67408ec6b2e3c4987a3a806b7c528076e7c7b86fcf0eaa66b", size = 839836, upload-time = "2025-07-20T12:01:50.657Z" }
wheels = [
    { url = "https://files.pythonhosted.org/packages/b9/7b/4cabc76fcc21c3c7d5c671d8783984d30ac9d3bb387c4ba784fca3cdfa3a/pypinyin-0.55.0-py2.py3-none-any.whl", hash = "sha256:d53b1e8ad2cdb815fb2cb604ed3123372f5a28c6f447571244aca36fc62a286f", size = 840203, upload-time = "2025-07-20T12:01:48.535Z" },
]

[[package]]
name = "vg-stub"
version = "0.0.1"
source = { editable = "." }
dependencies = [
    { name = "mwparserfromhell" },
    { name = "pykakasi" },
    { name = "pypinyin" },
    { name = "zhconv-rs" },
]

[package.metadata]
requires-dist = [
    { name = "mwparserfromhell" },
    { name = "pykakasi" },
    { name = "pypinyin" },
    { name = "zhconv-rs" },
]

[[package]]
name = "wrapt"
version = "1.17.3"
source = { registry = "https://pypi.org/simple" }
sdist = { url = "https://files.pythonhosted.org/packages/95/8f/aeb76c5b46e273670962298c23e7ddde79916cb74db802131d49a85e4b7d/wrapt-1.17.3.tar.gz", hash = "sha256:f66eb08feaa410fe4eebd17f2a2c8e2e46d3476e9f8c783daa8e09e0faa666d0", size = 55547, upload-time = "2025-08-12T05:53:21.714Z" }
wheels = [
    { url = "https://files.pythonhosted.org/packages/02/a2/cd864b2a14f20d14f4c496fab97802001560f9f41554eef6df201cd7f76c/wrapt-1.17.3-cp314-cp314-macosx_10_13_universal2.whl", hash = "sha256:cf30f6e3c077c8e6a9a7809c94551203c8843e74ba0c960f4a98cd80d4665d39", size = 54132, upload-time = "2025-08-12T05:51:49.864Z" },
    { url = "https://files.pythonhosted.org/packages/d5/46/d011725b0c89e853dc44cceb738a307cde5d240d023d6d40a82d1b4e1182/wrapt-1.17.3-cp314-cp314-macosx_10_13_x86_64.whl", hash = "sha256:e228514a06843cae89621384cfe3a80418f3c04aadf8a3b14e46a7be704e4235", size = 39091, upload-time = "2025-08-12T05:51:38.935Z" },
    { url = "https://files.pythonhosted.org/packages/2e/9e/3ad852d77c35aae7ddebdbc3b6d35ec8013af7d7dddad0ad911f3d891dae/wrapt-1.17.3-cp314-cp314-macosx_11_0_arm64.whl", hash = "sha256:5ea5eb3c0c071862997d6f3e02af1d055f381b1d25b286b9d6644b79db77657c", size = 39172, upload-time = "2025-08-12T05:51:59.365Z" },
    { url = "https://files.pythonhosted.org/packages/c3/f7/c983d2762bcce2326c317c26a6a1e7016f7eb039c27cdf5c4e30f4160f31/wrapt-1.17.3-cp314-cp314-manylinux1_x86_64.manylinux_2_28_x86_64.manylinux_2_5_x86_64.whl", hash = "sha256:281262213373b6d5e4bb4353bc36d1ba4084e6d6b5d242863721ef2bf2c2930b", size = 87163, upload-time = "2025-08-12T05:52:40.965Z" },
    { url = "https://files.pythonhosted.org/packages/e4/0f/f673f75d489c7f22d17fe0193e84b41540d962f75fce579cf6873167c29b/wrapt-1.17.3-cp314-cp314-manylinux2014_aarch64.manylinux_2_17_aarch64.manylinux_2_28_aarch64.whl", hash = "sha256:dc4a8d2b25efb6681ecacad42fca8859f88092d8732b170de6a5dddd80a1c8fa", size = 87963, upload-time = "2025-08-12T05:52:20.326Z" },
    { url = "https://files.pythonhosted.org/packages/df/61/515ad6caca68995da2fac7a6af97faab8f78ebe3bf4f761e1b77efbc47b5/wrapt-1.17.3-cp314-cp314-musllinux_1_2_aarch64.whl", hash = "sha256:373342dd05b1d07d752cecbec0c41817231f29f3a89aa8b8843f7b95992ed0c7", size = 86945, upload-time = "2025-08-12T05:52:21.581Z" },
    { url = "https://files.pythonhosted.org/packages/d3/bd/4e70162ce398462a467bc09e768bee112f1412e563620adc353de9055d33/wrapt-1.17.3-cp314-cp314-musllinux_1_2_x86_64.whl", hash = "sha256:d40770d7c0fd5cbed9d84b2c3f2e156431a12c9a37dc6284060fb4bec0b7ffd4", size = 86857, upload-time = "2025-08-12T05:52:43.043Z" },
    { url = "https://files.pythonhosted.org/packages/2b/b8/da8560695e9284810b8d3df8a19396a6e40e7518059584a1a394a2b35e0a/wrapt-1.17.3-cp314-cp314-win32.whl", hash = "sha256:fbd3c8319de8e1dc79d346929cd71d523622da527cca14e0c1d257e31c2b8b10", size = 37178, upload-time = "2025-08-12T05:53:12.605Z" },
    { url = "https://files.pythonhosted.org/packages/db/c8/b71eeb192c440d67a5a0449aaee2310a1a1e8eca41676046f99ed2487e9f/wrapt-1.17.3-cp314-cp314-win_amd64.whl", hash = "sha256:e1a4120ae5705f673727d3253de3ed0e016f7cd78dc463db1b31e2463e1f3cf6", size = 39310, upload-time = "2025-08-12T05:53:11.106Z" },
    { url = "https://files.pythonhosted.org/packages/45/20/2cda20fd4865fa40f86f6c46ed37a2a8356a7a2fde0773269311f2af56c7/wrapt-1.17.3-cp314-cp314-win_arm64.whl", hash = "sha256:507553480670cab08a800b9463bdb881b2edeed77dc677b0a5915e6106e91a58", size = 37266, upload-time = "2025-08-12T05:52:56.531Z" },
    { url = "https://files.pythonhosted.org/packages/77/ed/dd5cf21aec36c80443c6f900449260b80e2a65cf963668eaef3b9accce36/wrapt-1.17.3-cp314-cp314t-macosx_10_13_universal2.whl", hash = "sha256:ed7c635ae45cfbc1a7371f708727bf74690daedc49b4dba310590ca0bd28aa8a", size = 56544, upload-time = "2025-08-12T05:51:51.109Z" },
    { url = "https://files.pythonhosted.org/packages/8d/96/450c651cc753877ad100c7949ab4d2e2ecc4d97157e00fa8f45df682456a/wrapt-1.17.3-cp314-cp314t-macosx_10_13_x86_64.whl", hash = "sha256:249f88ed15503f6492a71f01442abddd73856a0032ae860de6d75ca62eed8067", size = 40283, upload-time = "2025-08-12T05:51:39.912Z" },
    { url = "https://files.pythonhosted.org/packages/d1/86/2fcad95994d9b572db57632acb6f900695a648c3e063f2cd344b3f5c5a37/wrapt-1.17.3-cp314-cp314t-macosx_11_0_arm64.whl", hash = "sha256:5a03a38adec8066d5a37bea22f2ba6bbf39fcdefbe2d91419ab864c3fb515454", size = 40366, upload-time = "2025-08-12T05:52:00.693Z" },
    { url = "https://files.pythonhosted.org/packages/64/0e/f4472f2fdde2d4617975144311f8800ef73677a159be7fe61fa50997d6c0/wrapt-1.17.3-cp314-cp314t-manylinux1_x86_64.manylinux_2_28_x86_64.manylinux_2_5_x86_64.whl", hash = "sha256:5d4478d72eb61c36e5b446e375bbc49ed002430d17cdec3cecb36993398e1a9e", size = 108571, upload-time = "2025-08-12T05:52:44.521Z" },
    { url = "https://files.pythonhosted.org/packages/cc/01/9b85a99996b0a97c8a17484684f206cbb6ba73c1ce6890ac668bcf3838fb/wrapt-1.17.3-cp314-cp314t-manylinux2014_aarch64.manylinux_2_17_aarch64.manylinux_2_28_aarch64.whl", hash = "sha256:223db574bb38637e8230eb14b185565023ab624474df94d2af18f1cdb625216f", size = 113094, upload-time = "2025-08-12T05:52:22.618Z" },
    { url = "https://files.pythonhosted.org/packages/25/02/78926c1efddcc7b3aa0bc3d6b33a822f7d898059f7cd9ace8c8318e559ef/wrapt-1.17.3-cp314-cp314t-musllinux_1_2_aarch64.whl", hash = "sha256:e405adefb53a435f01efa7ccdec012c016b5a1d3f35459990afc39b6be4d5056", size = 110659, upload-time = "2025-08-12T05:52:24.057Z" },
    { url = "https://files.pythonhosted.org/packages/dc/ee/c414501ad518ac3e6fe184753632fe5e5ecacdcf0effc23f31c1e4f7bfcf/wrapt-1.17.3-cp314-cp314t-musllinux_1_2_x86_64.whl", hash = "sha256:88547535b787a6c9ce4086917b6e1d291aa8ed914fdd3a838b3539dc95c12804", size = 106946, upload-time = "2025-08-12T05:52:45.976Z" },
    { url = "https://files.pythonhosted.org/packages/be/44/a1bd64b723d13bb151d6cc91b986146a1952385e0392a78567e12149c7b4/wrapt-1.17.3-cp314-cp314t-win32.whl", hash = "sha256:41b1d2bc74c2cac6f9074df52b2efbef2b30bdfe5f40cb78f8ca22963bc62977", size = 38717, upload-time = "2025-08-12T05:53:15.214Z" },
    { url = "https://files.pythonhosted.org/packages/79/d9/7cfd5a312760ac4dd8bf0184a6ee9e43c33e47f3dadc303032ce012b8fa3/wrapt-1.17.3-cp314-cp314t-win_amd64.whl", hash = "sha256:73d496de46cd2cdbdbcce4ae4bcdb4afb6a11234a1df9c085249d55166b95116", size = 41334, upload-time = "2025-08-12T05:53:14.178Z" },
    { url = "https://files.pythonhosted.org/packages/46/78/10ad9781128ed2f99dbc474f43283b13fea8ba58723e98844367531c18e9/wrapt-1.17.3-cp314-cp314t-win_arm64.whl", hash = "sha256:f38e60678850c42461d4202739f9bf1e3a737c7ad283638251e79cc49effb6b6", size = 38471, upload-time = "2025-08-12T05:52:57.784Z" },
    { url = "https://files.pythonhosted.org/packages/1f/f6/a933bd70f98e9cf3e08167fc5cd7aaaca49147e48411c0bd5ae701bb2194/wrapt-1.17.3-py3-none-any.whl", hash = "sha256:7171ae35d2c33d326ac19dd8facb1e82e5fd04ef8c6c0e394d7af55a55051c22", size = 23591, upload-time = "2025-08-12T05:53:20.674Z" },
]

[[package]]
name = "zhconv-rs"
version = "0.3.3"
source = { registry = "https://pypi.org/simple" }
sdist = { url = "https://files.pythonhosted.org/packages/3c/58/97b5c4a3adbff568b99ebdbf9e28b9c5e434ea959fb011bc7d8d41380a6c/zhconv_rs-0.3.3.tar.gz", hash = "sha256:a37eda6c457182c8b0dc680ebf1459d98981264a4ae799689c567f71fcbdb5c5", size = 6303512, upload-time = "2025-01-15T05:25:30.612Z" }
wheels = [
    { url = "https://files.pythonhosted.org/packages/fa/2f/662c7d63e8e2b20ae52bb92e7624ddec1c300541b89d0ec88ff5782de365/zhconv_rs-0.3.3-cp39-abi3-macosx_10_12_x86_64.whl", hash = "sha256:7015117fd2662d1e03f4a06d838bd78956a431439ee782426da93f5a6d4fb620", size = 1581255, upload-time = "2025-01-15T05:26:33.756Z" },
    { url = "https://files.pythonhosted.org/packages/85/53/b0be2d883cb1d6d01b3dba673c232eb912c8dff3db2134f832e583af1014/zhconv_rs-0.3.3-cp39-abi3-macosx_11_0_arm64.whl", hash = "sha256:f79eb8282f669182a27a3b1c34281930f28432c039e9da6269bdb1a67608b491", size = 1527102, upload-time = "2025-01-15T05:26:27.51Z" },
    { url = "https://files.pythonhosted.org/packages/66/c8/add11519c23eeeae71b5c5db9a8ffcbcb982fe1f173b334d40f14f141c50/zhconv_rs-0.3.3-cp39-abi3-manylinux_2_17_aarch64.manylinux2014_aarch64.whl", hash = "sha256:2497a6157579ea90d121a83128ebd3e85c91bddc9b0d6164c5a52f0e788e4cb2", size = 1673906, upload-time = "2025-01-15T05:25:27.076Z" },
    { url = "https://files.pythonhosted.org/packages/1a/81/b204d5b493c18042c3728b1b77c6c10c887019253caaa8da0b4f1b42cfa5/zhconv_rs-0.3.3-cp39-abi3-manylinux_2_17_armv7l.manylinux2014_armv7l.whl", hash = "sha256:88e5dd76e54892b0db9450960b4f1494ce374c3571be0311b0da412983ba008c", size = 1640731, upload-time = "2025-01-15T05:25:41.121Z" },
    { url = "https://files.pythonhosted.org/packages/8d/81/703881c5304a0d6d129a6421ce2f6a65c84e481ac816c5d12dd13547bb87/zhconv_rs-0.3.3-cp39-abi3-manylinux_2_17_ppc64le.manylinux2014_ppc64le.whl", hash = "sha256:5525c694d78373dd1c014561601f3ec12af9734429e917372472949fa639e1d2", size = 1781730, upload-time = "2025-01-15T05:25:48.887Z" },
    { url = "https://files.pythonhosted.org/packages/33/cb/d780518436b2d1fc58240c9b7041d26d59abfb2466b2acf92577158432e5/zhconv_rs-0.3.3-cp39-abi3-manylinux_2_17_s390x.manylinux2014_s390x.whl", hash = "sha256:aea86a836c6023cf32c53cb9093c2e7d3ebd87aa7641a073d1ae6a7b0c61c55a", size = 1815841, upload-time = "2025-01-15T05:25:58.78Z" },
    { url = "https://files.pythonhosted.org/packages/66/71/e77aae6209ef4eefa2a47a43ed2d63d1c368c3df134bd9939631654b165a/zhconv_rs-0.3.3-cp39-abi3-manylinux_2_17_x86_64.manylinux2014_x86_64.whl", hash = "sha256:188e425cf6ff0b44b766a17dcea472bab17bcb4600e678a79ffdfe5e48df8f90", size = 1728404, upload-time = "2025-01-15T05:26:17.824Z" },
    { url = "https://files.pythonhosted.org/packages/3e/b3/2ce8aa6928c09be5df63409c5164cfd3415c9128431b8b4a4b015e10f730/zhconv_rs-0.3.3-cp39-abi3-manylinux_2_5_i686.manylinux1_i686.whl", hash = "sha256:e76b893d63b4c5394f1c89b0f4d67b31d2a05a94438b23afc764ffb90ec140b3", size = 1726091, upload-time = "2025-01-15T05:26:08.856Z" },
    { url = "https://files.pythonhosted.org/packages/ff/74/6c0177eed5045498050bdd2fea4edbb5638152d576db89755ef6e98e223b/zhconv_rs-0.3.3-cp39-abi3-musllinux_1_2_aarch64.whl", hash = "sha256:dfc3666fcc3c3166dce900a71967af2071631efa83f96afb6948e456a3c9d0a2", size = 1834161, upload-time = "2025-01-15T05:26:38.906Z" },
    { url = "https://files.pythonhosted.org/packages/e9/4c/e7cbe2c77e105b5c7dbe7142f157a3bc68aa7a22f3a7df36f239ba6b9d98/zhconv_rs-0.3.3-cp39-abi3-musllinux_1_2_armv7l.whl", hash = "sha256:4f2bea14531ce074e3b23cad3f06a8db46c26971ca62f6086c2d5eeaead7e2c0", size = 1885582, upload-time = "2025-01-15T05:26:44.869Z" },
    { url = "https://files.pythonhosted.org/packages/24/f4/9856097813088dbdb39c29c417de7e66ef4c851ba9b6adfaa7eb8ffc4d08/zhconv_rs-0.3.3-cp39-abi3-musllinux_1_2_i686.whl", hash = "sha256:0923116408004b9afda825e5e4c246e9e9329641d72df6f67c8325a5bb77024a", size = 1846883, upload-time = "2025-01-15T05:26:48.914Z" },
    { url = "https://files.pythonhosted.org/packages/dd/a8/9f63846db581b40a6e0c94febbae9b796f2dc1005668de58f46b44df77fe/zhconv_rs-0.3.3-cp39-abi3-musllinux_1_2_x86_64.whl", hash = "sha256:3cc2b73e5a938d78b9629df8f8b77df501751b83493111d2bd9f650eeef612f4", size = 1879879, upload-time = "2025-01-15T05:26:54.53Z" },
    { url = "https://files.pythonhosted.org/packages/0b/8b/2ac776a1e05f9cf40a6ede6af909b1c713c551744585e2d2b506ce3ff678/zhconv_rs-0.3.3-cp39-abi3-win32.whl", hash = "sha256:9c2d575aca3d7655a637c157076ff849bb0750c593c1a40f27800ee6f4784a1e", size = 1342124, upload-time = "2025-01-15T05:27:03.692Z" },
    { url = "https://files.pythonhosted.org/packages/dd/4a/03cb3aaeeceed8b43af221f424321a7d9ce636906734258ea87bf85b96a1/zhconv_rs-0.3.3-cp39-abi3-win_amd64.whl", hash = "sha256:71261525a252fc4a8010b3c6151522e117c1b93f1213c9f932f1a01839a5cab7", size = 1408839, upload-time = "2025-01-15T05:26:59.971Z" },
]
